github.com/Arceliar/phony v0.0.0-20191006174943-d0c68492aca0 h1:p3puK8Sl2xK+2FnnIvY/C0N1aqJo2kbEsdAzU+Tnv48=
github.com/Arceliar/phony v0.0.0-20191006174943-d0c68492aca0/go.mod h1:6Lkn+/zJilRMsKmbmG1RPoamiArC6HS73xbwRyp3UyI=
github.com/VividCortex/ewma v1.1.1/go.mod h1:2Tkkvm3sRDVXaiyucHiACn4cqf7DpdyLvmxzcbUokwA=
github.com/cheggaaa/pb/v3 v3.0.4/go.mod h1:7rgWxLrAUcFMkvJuv09+DYi7mMUYi8nO9iOWcvGJPfw=
github.com/davecgh/go-spew v1.1.0/go.mod h1:J7Y8YcW2NihsgmVo/mv3lAwl/skON4iLHjSsI+c5H38=
github.com/davecgh/go-spew v1.1.1/go.mod h1:J7Y8YcW2NihsgmVo/mv3lAwl/skON4iLHjSsI+c5H38=
github.com/fatih/color v1.7.0/go.mod h1:Zm6kSWBoL9eyXnKyktHP6abPY2pDugNf5KwzbycvMj4=
github.com/gologme/log v0.0.0-20181207131047-4e5d8ccb38e8/go.mod h1:gq31gQ8wEHkR+WekdWsqDuf8pXTUZA9BnnzTuPz1Y9U=
github.com/gologme/log v1.2.0 h1:Ya5Ip/KD6FX7uH0S31QO87nCCSucKtF44TLbTtO7V4c=
github.com/gologme/log v1.2.0/go.mod h1:gq31gQ8wEHkR+WekdWsqDuf8pXTUZA9BnnzTuPz1Y9U=
github.com/gopherjs/gopherjs v0.0.0-20190411002643-bd77b112433e h1:XWcjeEtTFTOVA9Fs1w7n2XBftk5ib4oZrhzWk0B+3eA=
github.com/gopherjs/gopherjs v0.0.0-20190411002643-bd77b112433e/go.mod h1:wJfORRmW1u3UXTncJ5qlYoELFm8eSnnEO6hX4iZ3EWY=
github.com/hashicorp/go-syslog v1.0.0 h1:KaodqZuhUoZereWVIYmpUgZysurB1kBLX2j0MwMrUAE=
github.com/hashicorp/go-syslog v1.0.0/go.mod h1:qPfqrKkXGihmCqbJM2mZgkZGvKG1dFdvsLplgctolz4=
github.com/hjson/hjson-go v3.0.2-0.20200316202735-d5d0e8b0617d+incompatible/go.mod h1:qsetwF8NlsTsOTwZTApNlTCerV+b2GjYRRcIk4JMFio=
github.com/hjson/hjson-go v3.1.0+incompatible h1:DY/9yE8ey8Zv22bY+mHV1uk2yRy0h8tKhZ77hEdi0Aw=
github.com/hjson/hjson-go v3.1.0+incompatible/go.mod h1:qsetwF8NlsTsOTwZTApNlTCerV+b2GjYRRcIk4JMFio=
github.com/kardianos/minwinsvc v0.0.0-20151122163309-cad6b2b879b0/go.mod h1:rUi0/YffDo1oXBOGn1KRq7Fr07LX48XEBecQnmwjsAo=
github.com/kardianos/minwinsvc v1.0.0 h1:+JfAi8IBJna0jY2dJGZqi7o15z13JelFIklJCAENALA=
github.com/kardianos/minwinsvc v1.0.0/go.mod h1:Bgd0oc+D0Qo3bBytmNtyRKVlp85dAloLKhfxanPFFRc=
github.com/konsorten/go-windows-terminal-sequences v1.0.1/go.mod h1:T0+1ngSBFLxvqU3pZ+m/2kptfBszLMUkC4ZK/EgS/cQ=
github.com/konsorten/go-windows-terminal-sequences v1.0.2/go.mod h1:T0+1ngSBFLxvqU3pZ+m/2kptfBszLMUkC4ZK/EgS/cQ=
github.com/lxn/walk v0.0.0-20191128110447-55ccb3a9f5c1/go.mod h1:E23UucZGqpuUANJooIbHWCufXvOcT6E7Stq81gU+CSQ=
github.com/lxn/win v0.0.0-20191128105842-2da648fda5b4/go.mod h1:ouWl4wViUNh8tPSIwxTVMuS014WakR1hqvBc2I0bMoA=
github.com/mattn/go-colorable v0.1.2/go.mod h1:U0ppj6V5qS13XJ6of8GYAs25YV2eR4EVcfRqFIhoBtE=
github.com/mattn/go-isatty v0.0.8/go.mod h1:Iq45c/XA43vh69/j3iqttzPXn0bhXyGjM0Hdxcsrc5s=
github.com/mattn/go-isatty v0.0.10/go.mod h1:qgIWMr58cqv1PHHyhnkY9lrL7etaEgOFcMEpPG5Rm84=
github.com/mattn/go-runewidth v0.0.7/go.mod h1:H031xJmbD/WCDINGzjvQ9THkh0rPKHF+m2gUSrubnMI=
github.com/mitchellh/mapstructure v1.1.2/go.mod h1:FVVH3fgwuzCH5S8UJGiWEs2h04kUh9fWfEaFds41c1Y=
github.com/mitchellh/mapstructure v1.3.3 h1:SzB1nHZ2Xi+17FP0zVQBHIZqvwRN9408fJO8h+eeNA8=
github.com/mitchellh/mapstructure v1.3.3/go.mod h1:bFUtVrKA4DC2yAKiSyO/QUcy7e+RRV2QTWOzhPopBRo=
github.com/pmezard/go-difflib v1.0.0/go.mod h1:iKH77koFhYxTK1pcRnkKkqfTogsbg7gZNVY4sRDYZ/4=
github.com/sirupsen/logrus v1.4.1/go.mod h1:ni0Sbl8bgC9z8RoU9G6nDWqqs/fq4eDPysMBDgk/93Q=
github.com/stretchr/objx v0.1.0/go.mod h1:HFkY916IF+rwdDfMAkV7OtwuqBVzrE8GR6GFx+wExME=
github.com/stretchr/objx v0.1.1/go.mod h1:HFkY916IF+rwdDfMAkV7OtwuqBVzrE8GR6GFx+wExME=
github.com/stretchr/objx v0.2.0/go.mod h1:qt09Ya8vawLte6SNmTgCsAVtYtaKzEcn8ATUoHMkEqE=
github.com/stretchr/testify v1.2.2/go.mod h1:a8OnRcib4nhh0OaRAV+Yts87kKdq0PP7pXfy6kDkUVs=
github.com/stretchr/testify v1.3.0/go.mod h1:M5WIy9Dh21IEIfnGCwXGc5bZfKNJtfHm1UVUgZn+9EI=
github.com/therecipe/qt v0.0.0-20200904063919-c0c124a5770d h1:T+d8FnaLSvM/1BdlDXhW4d5dr2F07bAbB+LpgzMxx+o=
github.com/therecipe/qt v0.0.0-20200904063919-c0c124a5770d/go.mod h1:SUUR2j3aE1z6/g76SdD6NwACEpvCxb3fvG82eKbD6us=
github.com/vishvananda/netlink v1.0.0 h1:bqNY2lgheFIu1meHUFSH3d7vG93AFyqg3oGbJCOJgSM=
github.com/vishvananda/netlink v1.0.0/go.mod h1:+SR5DhBJrl6ZM7CoCKvpw5BKroDKQ+PJqOg65H/2ktk=
github.com/vishvananda/netns v0.0.0-20190625233234-7109fa855b0f h1:nBX3nTcmxEtHSERBJaIo1Qa26VwRaopnZmfDQUXsF4I=
github.com/vishvananda/netns v0.0.0-20190625233234-7109fa855b0f/go.mod h1:ZjcWmFBXmLKZu9Nxj3WKYEafiSqer2rnvPr0en9UNpI=
github.com/yggdrasil-network/yggdrasil-extras v0.0.0-20200525205615-6c8a4a2e8855/go.mod h1:xQdsh08Io6nV4WRnOVTe6gI8/2iTvfLDQ0CYa5aMt+I=
github.com/yggdrasil-network/yggdrasil-go v0.3.15 h1:os+HOx1nyxEv9awTIkliMPgIFljywVOZDroFWz2C2B0=
github.com/yggdrasil-network/yggdrasil-go v0.3.15/go.mod h1:d+Nz6SPeG6kmeSPFL0cvfWfgwEql75fUnZiAONgvyBE=
golang.org/x/crypto v0.0.0-20190308221718-c2843e01d9a2/go.mod h1:djNgcEr1/C05ACkg1iLfiJU5Ep61QUkGW8qpdssI0+w=
golang.org/x/crypto v0.0.0-20190418165655-df01cb2cc480/go.mod h1:WFFai1msRO1wXaEeE5yQxYXgSfI8pQAWXbQop6sCtWE=
golang.org/x/crypto v0.0.0-20191002192127-34f69633bfdc/go.mod h1:yigFU9vqHzYiE8UmvKecakEJjdnWj3jj499lnFckfCI=
golang.org/x/crypto v0.0.0-20200221231518-2aa609cf4a9d h1:1ZiEyfaQIg3Qh0EoqpwAakHVhecoE5wlSg5GjnafJGw=
golang.org/x/crypto v0.0.0-20200221231518-2aa609cf4a9d/go.mod h1:LzIPMQfyMNhhGPhUkYOs5KpL4U8rLKemX1yGLhDgUto=
golang.org/x/net v0.0.0-20190311183353-d8887717615a/go.mod h1:t9HGtf8HONx5eT2rtn7q6eTqICYqUVnKs3thJo3Qplg=
golang.org/x/net v0.0.0-20190404232315-eb5bcb51f2a3/go.mod h1:t9HGtf8HONx5eT2rtn7q6eTqICYqUVnKs3thJo3Qplg=
golang.org/x/net v0.0.0-20190420063019-afa5a82059c6/go.mod h1:t9HGtf8HONx5eT2rtn7q6eTqICYqUVnKs3thJo3Qplg=
golang.org/x/net v0.0.0-20191003171128-d98b1b443823/go.mod h1:z5CRVTTTmAJ677TzLLGU+0bjPO0LkuOLi4/5GtJWs/s=
golang.org/x/net v0.0.0-20200301022130-244492dfa37a h1:GuSPYbZzB5/dcLNCwLQLsg3obCJtX9IJhpXkvY7kzk0=
golang.org/x/net v0.0.0-20200301022130-244492dfa37a/go.mod h1:z5CRVTTTmAJ677TzLLGU+0bjPO0LkuOLi4/5GtJWs/s=
golang.org/x/sys v0.0.0-20180905080454-ebe1bf3edb33/go.mod h1:STP8DvDyc/dI5b8T5hshtkjS+E42TnysNCUPdjciGhY=
golang.org/x/sys v0.0.0-20190215142949-d0b11bdaac8a/go.mod h1:STP8DvDyc/dI5b8T5hshtkjS+E42TnysNCUPdjciGhY=
golang.org/x/sys v0.0.0-20190222072716-a9d3bda3a223/go.mod h1:STP8DvDyc/dI5b8T5hshtkjS+E42TnysNCUPdjciGhY=
golang.org/x/sys v0.0.0-20190403152447-81d4e9dc473e/go.mod h1:h1NjWce9XRLGQEsW7wpKNCjG9DtNlClVuFLEZdDNbEs=
golang.org/x/sys v0.0.0-20190412213103-97732733099d/go.mod h1:h1NjWce9XRLGQEsW7wpKNCjG9DtNlClVuFLEZdDNbEs=
golang.org/x/sys v0.0.0-20190419153524-e8e3143a4f4a/go.mod h1:h1NjWce9XRLGQEsW7wpKNCjG9DtNlClVuFLEZdDNbEs=
golang.org/x/sys v0.0.0-20190904154756-749cb33beabd/go.mod h1:h1NjWce9XRLGQEsW7wpKNCjG9DtNlClVuFLEZdDNbEs=
golang.org/x/sys v0.0.0-20191003212358-c178f38b412c/go.mod h1:h1NjWce9XRLGQEsW7wpKNCjG9DtNlClVuFLEZdDNbEs=
golang.org/x/sys v0.0.0-20191008105621-543471e840be/go.mod h1:h1NjWce9XRLGQEsW7wpKNCjG9DtNlClVuFLEZdDNbEs=
golang.org/x/sys v0.0.0-20191128015809-6d18c012aee9/go.mod h1:h1NjWce9XRLGQEsW7wpKNCjG9DtNlClVuFLEZdDNbEs=
golang.org/x/sys v0.0.0-20200301040627-c5d0d7b4ec88/go.mod h1:h1NjWce9XRLGQEsW7wpKNCjG9DtNlClVuFLEZdDNbEs=
golang.org/x/sys v0.0.0-20200302150141-5c8b2ff67527/go.mod h1:h1NjWce9XRLGQEsW7wpKNCjG9DtNlClVuFLEZdDNbEs=
golang.org/x/sys v0.0.0-20200602225109-6fdc65e7d980 h1:OjiUf46hAmXblsZdnoSXsEUSKU8r1UEzcL5RVZ4gO9Y=
golang.org/x/sys v0.0.0-20200602225109-6fdc65e7d980/go.mod h1:h1NjWce9XRLGQEsW7wpKNCjG9DtNlClVuFLEZdDNbEs=
golang.org/x/text v0.3.0/go.mod h1:NqM8EUOU14njkJ3fqMW+pc6Ldnwhi/IjpwHt7yyuwOQ=
golang.org/x/text v0.3.2/go.mod h1:bEr9sfX3Q8Zfm5fL9x+3itogRgK3+ptLWKqgva+5dAk=
golang.org/x/text v0.3.3-0.20191230102452-929e72ca90de/go.mod h1:5Zoc/QRtKVWzQhOtBMvqHzDpF6irO9z98xDceosuGiQ=
golang.org/x/text v0.3.4 h1:0YWbFKbhXG/wIiuHDSKpS0Iy7FSA+u45VtBMfQcFTTc=
golang.org/x/text v0.3.4/go.mod h1:5Zoc/QRtKVWzQhOtBMvqHzDpF6irO9z98xDceosuGiQ=
golang.org/x/tools v0.0.0-20180917221912-90fa682c2a6e/go.mod h1:n7NCudcB/nEzxVGmLbDWY5pfWTLqBcC2KZ6jyYvM4mQ=
golang.org/x/tools v0.0.0-20190420181800-aa740d480789/go.mod h1:LCzVGOaR6xXOjkQ3onu1FJEFr0SW1gC7cKk1uF8kGRs=
golang.zx2c4.com/wireguard v0.0.20200122-0.20200214175355-9cbcff10dd3e/go.mod h1:P2HsVp8SKwZEufsnezXZA4GRX/T49/HlU7DGuelXsU4=
golang.zx2c4.com/wireguard v0.0.20200320 h1:1vE6zVeO7fix9cJX1Z9ZQ+ikPIIx7vIyU0o0tLDD88g=
golang.zx2c4.com/wireguard v0.0.20200320/go.mod h1:lDian4Sw4poJ04SgHh35nzMVwGSYlPumkdnHcucAQoY=
golang.zx2c4.com/wireguard/windows v0.1.0 h1:742izt2DAJBpIQT+DvrzN58P9p7fO4BUFOgMzY9qVhw=
golang.zx2c4.com/wireguard/windows v0.1.0/go.mod h1:EK7CxrFnicmYJ0ZCF6crBh2/EMMeSxMlqgLlwN0Kv9s=
